
Microsoft Visual Studio Solution File, Format Version 12.00
# Visual Studio Version 17
VisualStudioVersion = 17.6.33723.286
MinimumVisualStudioVersion = 10.0.40219.1
Project("{9A19103F-16F7-4668-BE54-9A1E7A4F7556}") = "GameLeaderBoard", "GameLeaderBoard\GameLeaderBoard.csproj", "{EE531531-DF2A-443C-A1E1-1D0B40B53C6E}"
EndProject
Project("{FAE04EC0-301F-11D3-BF4B-00C04F79EFBC}") = "MovieManiaSignalr", "MovieManiaSignalr\MovieManiaSignalr.csproj", "{D2271568-C99A-4AC6-BA8F-F77D389E66D3}"
EndProject
Project("{FAE04EC0-301F-11D3-BF4B-00C04F79EFBC}") = "Domain", "Domain\Domain.csproj", "{A3BDCF91-0D25-44CB-9AB6-67F155E355AC}"
EndProject
Project("{FAE04EC0-301F-11D3-BF4B-00C04F79EFBC}") = "Infrastructure", "Infrastructure\Infrastructure.csproj", "{FC0C5D73-DD09-4AC0-B0E9-CB5FDDEEF201}"
EndProject
Global
	GlobalSection(SolutionConfigurationPlatforms) = preSolution
		Debug|Any CPU = Debug|Any CPU
		Release|Any CPU = Release|Any CPU
	EndGlobalSection
	GlobalSection(ProjectConfigurationPlatforms) = postSolution
		{EE531531-DF2A-443C-A1E1-1D0B40B53C6E}.Debug|Any CPU.ActiveCfg = Debug|Any CPU
		{EE531531-DF2A-443C-A1E1-1D0B40B53C6E}.Debug|Any CPU.Build.0 = Debug|Any CPU
		{EE531531-DF2A-443C-A1E1-1D0B40B53C6E}.Release|Any CPU.ActiveCfg = Release|Any CPU
		{EE531531-DF2A-443C-A1E1-1D0B40B53C6E}.Release|Any CPU.Build.0 = Release|Any CPU
		{D2271568-C99A-4AC6-BA8F-F77D389E66D3}.Debug|Any CPU.ActiveCfg = Debug|Any CPU
		{D2271568-C99A-4AC6-BA8F-F77D389E66D3}.Debug|Any CPU.Build.0 = Debug|Any CPU
		{D2271568-C99A-4AC6-BA8F-F77D389E66D3}.Release|Any CPU.ActiveCfg = Release|Any CPU
		{D2271568-C99A-4AC6-BA8F-F77D389E66D3}.Release|Any CPU.Build.0 = Release|Any CPU
		{A3BDCF91-0D25-44CB-9AB6-67F155E355AC}.Debug|Any CPU.ActiveCfg = Debug|Any CPU
		{A3BDCF91-0D25-44CB-9AB6-67F155E355AC}.Debug|Any CPU.Build.0 = Debug|Any CPU
		{A3BDCF91-0D25-44CB-9AB6-67F155E355AC}.Release|Any CPU.ActiveCfg = Release|Any CPU
		{A3BDCF91-0D25-44CB-9AB6-67F155E355AC}.Release|Any CPU.Build.0 = Release|Any CPU
		{FC0C5D73-DD09-4AC0-B0E9-CB5FDDEEF201}.Debug|Any CPU.ActiveCfg = Debug|Any CPU
		{FC0C5D73-DD09-4AC0-B0E9-CB5FDDEEF201}.Debug|Any CPU.Build.0 = Debug|Any CPU
		{FC0C5D73-DD09-4AC0-B0E9-CB5FDDEEF201}.Release|Any CPU.ActiveCfg = Release|Any CPU
		{FC0C5D73-DD09-4AC0-B0E9-CB5FDDEEF201}.Release|Any CPU.Build.0 = Release|Any CPU
	EndGlobalSection
	GlobalSection(SolutionProperties) = preSolution
		HideSolutionNode = FALSE
	EndGlobalSection
	GlobalSection(ExtensibilityGlobals) = postSolution
		SolutionGuid = {210992EF-C01D-47B0-96DD-066B424DC774}
	EndGlobalSection
EndGlobal
